
Microsoft Visual Studio Solution File, Format Version 12.00
# Visual Studio 14
VisualStudioVersion = 14.0.25420.1
MinimumVisualStudioVersion = 10.0.40219.1
Project("{FAE04EC0-301F-11D3-BF4B-00C04F79EFBC}") = "61850-v1.0a", "61850_Client-v1.0a\61850-v1.0a.csproj", "{FA778444-FEDB-4541-82DA-2A3EEA4B290B}"
EndProject
Global
	GlobalSection(SolutionConfigurationPlatforms) = preSolution
		Debug|Any CPU = Debug|Any CPU
		Release|Any CPU = Release|Any CPU
	EndGlobalSection
	GlobalSection(ProjectConfigurationPlatforms) = postSolution
		{FA778444-FEDB-4541-82DA-2A3EEA4B290B}.Debug|Any CPU.ActiveCfg = Debug|Any CPU
		{FA778444-FEDB-4541-82DA-2A3EEA4B290B}.Debug|Any CPU.Build.0 = Debug|Any CPU
		{FA778444-FEDB-4541-82DA-2A3EEA4B290B}.Release|Any CPU.ActiveCfg = Release|Any CPU
		{FA778444-FEDB-4541-82DA-2A3EEA4B290B}.Release|Any CPU.Build.0 = Release|Any CPU
	EndGlobalSection
	GlobalSection(SolutionProperties) = preSolution
		HideSolutionNode = FALSE
	EndGlobalSection
EndGlobal
